// !$*UTF8*$!
{
	archiveVersion = 1;
	classes = {
	};
	objectVersion = 50;
	objects = {

/* Begin PBXBuildFile section */
		549AC26503542DC5B3F8CCA2 /* Pods_SanBaudelioARUITests.framework in Frameworks */ = {isa = PBXBuildFile; fileRef = 20D165E982C0A97286AAA31D /* Pods_SanBaudelioARUITests.framework */; };
		98048AE30E16B93D98808CEC /* Pods_SanBaudelioAR.framework in Frameworks */ = {isa = PBXBuildFile; fileRef = E331B4E014A95C495B38A167 /* Pods_SanBaudelioAR.framework */; };
		B17CE7548DDCC749278AF192 /* Pods_SanBaudelioARTests.framework in Frameworks */ = {isa = PBXBuildFile; fileRef = 33256B4A08F0326F2267D8D7 /* Pods_SanBaudelioARTests.framework */; };
		E6D226BA21EE7AD8006F5CA6 /* AppDelegate.swift in Sources */ = {isa = PBXBuildFile; fileRef = E6D226B921EE7AD8006F5CA6 /* AppDelegate.swift */; };
		E6D226BC21EE7AD8006F5CA6 /* art.scnassets in Resources */ = {isa = PBXBuildFile; fileRef = E6D226BB21EE7AD8006F5CA6 /* art.scnassets */; };
		E6D226BE21EE7AD8006F5CA6 /* ViewController.swift in Sources */ = {isa = PBXBuildFile; fileRef = E6D226BD21EE7AD8006F5CA6 /* ViewController.swift */; };
		E6D226C121EE7AD8006F5CA6 /* Main.storyboard in Resources */ = {isa = PBXBuildFile; fileRef = E6D226BF21EE7AD8006F5CA6 /* Main.storyboard */; };
		E6D226D121EE7ADA006F5CA6 /* SanBaudelioARTests.swift in Sources */ = {isa = PBXBuildFile; fileRef = E6D226D021EE7ADA006F5CA6 /* SanBaudelioARTests.swift */; };
		E6D226DC21EE7ADA006F5CA6 /* SanBaudelioARUITests.swift in Sources */ = {isa = PBXBuildFile; fileRef = E6D226DB21EE7ADA006F5CA6 /* SanBaudelioARUITests.swift */; };
		E6D226EA21EE7B6B006F5CA6 /* Assets.xcassets in Resources */ = {isa = PBXBuildFile; fileRef = E6D226E921EE7B6B006F5CA6 /* Assets.xcassets */; };
		E6D226EB21EE8504006F5CA6 /* LaunchScreen.storyboard in Resources */ = {isa = PBXBuildFile; fileRef = E6D226C421EE7ADA006F5CA6 /* LaunchScreen.storyboard */; };
/* End PBXBuildFile section */

/* Begin PBXContainerItemProxy section */
		E6D226CD21EE7ADA006F5CA6 /* PBXContainerItemProxy */ = {
			isa = PBXContainerItemProxy;
			containerPortal = E6D226AE21EE7AD8006F5CA6 /* Project object */;
			proxyType = 1;
			remoteGlobalIDString = E6D226B521EE7AD8006F5CA6;
			remoteInfo = SanBaudelioAR;
		};
		E6D226D821EE7ADA006F5CA6 /* PBXContainerItemProxy */ = {
			isa = PBXContainerItemProxy;
			containerPortal = E6D226AE21EE7AD8006F5CA6 /* Project object */;
			proxyType = 1;
			remoteGlobalIDString = E6D226B521EE7AD8006F5CA6;
			remoteInfo = SanBaudelioAR;
		};
/* End PBXContainerItemProxy section */

/* Begin PBXFileReference section */
		1567EB855A7E49F170D12012 /* Pods-SanBaudelioARTests.debug.xcconfig */ = {isa = PBXFileReference; includeInIndex = 1; lastKnownFileType = text.xcconfig; name = "Pods-SanBaudelioARTests.debug.xcconfig"; path = "Target Support Files/Pods-SanBaudelioARTests/Pods-SanBaudelioARTests.debug.xcconfig"; sourceTree = "<group>"; };
		17F503A5F0CCE67692E6EE5A /* Pods-SanBaudelioARUITests.release.xcconfig */ = {isa = PBXFileReference; includeInIndex = 1; lastKnownFileType = text.xcconfig; name = "Pods-SanBaudelioARUITests.release.xcconfig"; path = "Target Support Files/Pods-SanBaudelioARUITests/Pods-SanBaudelioARUITests.release.xcconfig"; sourceTree = "<group>"; };
		20D165E982C0A97286AAA31D /* Pods_SanBaudelioARUITests.framework */ = {isa = PBXFileReference; explicitFileType = wrapper.framework; includeInIndex = 0; path = Pods_SanBaudelioARUITests.framework; sourceTree = BUILT_PRODUCTS_DIR; };
		33256B4A08F0326F2267D8D7 /* Pods_SanBaudelioARTests.framework */ = {isa = PBXFileReference; explicitFileType = wrapper.framework; includeInIndex = 0; path = Pods_SanBaudelioARTests.framework; sourceTree = BUILT_PRODUCTS_DIR; };
		93940EC773759A623EB15C2A /* Pods-SanBaudelioARUITests.debug.xcconfig */ = {isa = PBXFileReference; includeInIndex = 1; lastKnownFileType = text.xcconfig; name = "Pods-SanBaudelioARUITests.debug.xcconfig"; path = "Target Support Files/Pods-SanBaudelioARUITests/Pods-SanBaudelioARUITests.debug.xcconfig"; sourceTree = "<group>"; };
		948CA067D885371453E52442 /* Pods-SanBaudelioAR.debug.xcconfig */ = {isa = PBXFileReference; includeInIndex = 1; lastKnownFileType = text.xcconfig; name = "Pods-SanBaudelioAR.debug.xcconfig"; path = "Target Support Files/Pods-SanBaudelioAR/Pods-SanBaudelioAR.debug.xcconfig"; sourceTree = "<group>"; };
		995B63A08F118344E179F3AA /* Pods-SanBaudelioARTests.release.xcconfig */ = {isa = PBXFileReference; includeInIndex = 1; lastKnownFileType = text.xcconfig; name = "Pods-SanBaudelioARTests.release.xcconfig"; path = "Target Support Files/Pods-SanBaudelioARTests/Pods-SanBaudelioARTests.release.xcconfig"; sourceTree = "<group>"; };
		9D7C8C7C7B3342F853279417 /* Pods-SanBaudelioAR.release.xcconfig */ = {isa = PBXFileReference; includeInIndex = 1; lastKnownFileType = text.xcconfig; name = "Pods-SanBaudelioAR.release.xcconfig"; path = "Target Support Files/Pods-SanBaudelioAR/Pods-SanBaudelioAR.release.xcconfig"; sourceTree = "<group>"; };
		E331B4E014A95C495B38A167 /* Pods_SanBaudelioAR.framework */ = {isa = PBXFileReference; explicitFileType = wrapper.framework; includeInIndex = 0; path = Pods_SanBaudelioAR.framework; sourceTree = BUILT_PRODUCTS_DIR; };
		E6D226B621EE7AD8006F5CA6 /* SanBaudelioAR.app */ = {isa = PBXFileReference; explicitFileType = wrapper.application; includeInIndex = 0; path = SanBaudelioAR.app; sourceTree = BUILT_PRODUCTS_DIR; };
		E6D226B921EE7AD8006F5CA6 /* AppDelegate.swift */ = {isa = PBXFileReference; lastKnownFileType = sourcecode.swift; path = AppDelegate.swift; sourceTree = "<group>"; };
		E6D226BB21EE7AD8006F5CA6 /* art.scnassets */ = {isa = PBXFileReference; lastKnownFileType = wrapper.scnassets; path = art.scnassets; sourceTree = "<group>"; };
		E6D226BD21EE7AD8006F5CA6 /* ViewController.swift */ = {isa = PBXFileReference; lastKnownFileType = sourcecode.swift; path = ViewController.swift; sourceTree = "<group>"; };
		E6D226C021EE7AD8006F5CA6 /* Base */ = {isa = PBXFileReference; lastKnownFileType = file.storyboard; name = Base; path = Base.lproj/Main.storyboard; sourceTree = "<group>"; };
		E6D226C521EE7ADA006F5CA6 /* Base */ = {isa = PBXFileReference; lastKnownFileType = file.storyboard; name = Base; path = Base.lproj/LaunchScreen.storyboard; sourceTree = "<group>"; };
		E6D226C721EE7ADA006F5CA6 /* Info.plist */ = {isa = PBXFileReference; lastKnownFileType = text.plist.xml; path = Info.plist; sourceTree = "<group>"; };
		E6D226CC21EE7ADA006F5CA6 /* SanBaudelioARTests.xctest */ = {isa = PBXFileReference; explicitFileType = wrapper.cfbundle; includeInIndex = 0; path = SanBaudelioARTests.xctest; sourceTree = BUILT_PRODUCTS_DIR; };
		E6D226D021EE7ADA006F5CA6 /* SanBaudelioARTests.swift */ = {isa = PBXFileReference; lastKnownFileType = sourcecode.swift; path = SanBaudelioARTests.swift; sourceTree = "<group>"; };
		E6D226D221EE7ADA006F5CA6 /* Info.plist */ = {isa = PBXFileReference; lastKnownFileType = text.plist.xml; path = Info.plist; sourceTree = "<group>"; };
		E6D226D721EE7ADA006F5CA6 /* SanBaudelioARUITests.xctest */ = {isa = PBXFileReference; explicitFileType = wrapper.cfbundle; includeInIndex = 0; path = SanBaudelioARUITests.xctest; sourceTree = BUILT_PRODUCTS_DIR; };
		E6D226DB21EE7ADA006F5CA6 /* SanBaudelioARUITests.swift */ = {isa = PBXFileReference; lastKnownFileType = sourcecode.swift; path = SanBaudelioARUITests.swift; sourceTree = "<group>"; };
		E6D226DD21EE7ADA006F5CA6 /* Info.plist */ = {isa = PBXFileReference; lastKnownFileType = text.plist.xml; path = Info.plist; sourceTree = "<group>"; };
		E6D226E921EE7B6B006F5CA6 /* Assets.xcassets */ = {isa = PBXFileReference; lastKnownFileType = folder.assetcatalog; path = Assets.xcassets; sourceTree = "<group>"; };
/* End PBXFileReference section */

/* Begin PBXFrameworksBuildPhase section */
		E6D226B321EE7AD8006F5CA6 /* Frameworks */ = {
			isa = PBXFrameworksBuildPhase;
			buildActionMask = 2147483647;
			files = (
				98048AE30E16B93D98808CEC /* Pods_SanBaudelioAR.framework in Frameworks */,
			);
			runOnlyForDeploymentPostprocessing = 0;
		};
		E6D226C921EE7ADA006F5CA6 /* Frameworks */ = {
			isa = PBXFrameworksBuildPhase;
			buildActionMask = 2147483647;
			files = (
				B17CE7548DDCC749278AF192 /* Pods_SanBaudelioARTests.framework in Frameworks */,
			);
			runOnlyForDeploymentPostprocessing = 0;
		};
		E6D226D421EE7ADA006F5CA6 /* Frameworks */ = {
			isa = PBXFrameworksBuildPhase;
			buildActionMask = 2147483647;
			files = (
				549AC26503542DC5B3F8CCA2 /* Pods_SanBaudelioARUITests.framework in Frameworks */,
			);
			runOnlyForDeploymentPostprocessing = 0;
		};
/* End PBXFrameworksBuildPhase section */

/* Begin PBXGroup section */
		DF3FF636454A1BB0139DEFB4 /* Frameworks */ = {
			isa = PBXGroup;
			children = (
				E331B4E014A95C495B38A167 /* Pods_SanBaudelioAR.framework */,
				33256B4A08F0326F2267D8D7 /* Pods_SanBaudelioARTests.framework */,
				20D165E982C0A97286AAA31D /* Pods_SanBaudelioARUITests.framework */,
			);
			name = Frameworks;
			sourceTree = "<group>";
		};
		E6D226AD21EE7AD8006F5CA6 = {
			isa = PBXGroup;
			children = (
				E6D226B821EE7AD8006F5CA6 /* SanBaudelioAR */,
				E6D226CF21EE7ADA006F5CA6 /* SanBaudelioARTests */,
				E6D226DA21EE7ADA006F5CA6 /* SanBaudelioARUITests */,
				E6D226B721EE7AD8006F5CA6 /* Products */,
				F410C7D5611DBBAA16486BD6 /* Pods */,
				DF3FF636454A1BB0139DEFB4 /* Frameworks */,
			);
			sourceTree = "<group>";
		};
		E6D226B721EE7AD8006F5CA6 /* Products */ = {
			isa = PBXGroup;
			children = (
				E6D226B621EE7AD8006F5CA6 /* SanBaudelioAR.app */,
				E6D226CC21EE7ADA006F5CA6 /* SanBaudelioARTests.xctest */,
				E6D226D721EE7ADA006F5CA6 /* SanBaudelioARUITests.xctest */,
			);
			name = Products;
			sourceTree = "<group>";
		};
		E6D226B821EE7AD8006F5CA6 /* SanBaudelioAR */ = {
			isa = PBXGroup;
			children = (
				E6D226B921EE7AD8006F5CA6 /* AppDelegate.swift */,
				E6D226BB21EE7AD8006F5CA6 /* art.scnassets */,
				E6D226BD21EE7AD8006F5CA6 /* ViewController.swift */,
				E6D226BF21EE7AD8006F5CA6 /* Main.storyboard */,
				E6D226E921EE7B6B006F5CA6 /* Assets.xcassets */,
				E6D226C421EE7ADA006F5CA6 /* LaunchScreen.storyboard */,
				E6D226C721EE7ADA006F5CA6 /* Info.plist */,
			);
			path = SanBaudelioAR;
			sourceTree = "<group>";
		};
		E6D226CF21EE7ADA006F5CA6 /* SanBaudelioARTests */ = {
			isa = PBXGroup;
			children = (
				E6D226D021EE7ADA006F5CA6 /* SanBaudelioARTests.swift */,
				E6D226D221EE7ADA006F5CA6 /* Info.plist */,
			);
			path = SanBaudelioARTests;
			sourceTree = "<group>";
		};
		E6D226DA21EE7ADA006F5CA6 /* SanBaudelioARUITests */ = {
			isa = PBXGroup;
			children = (
				E6D226DB21EE7ADA006F5CA6 /* SanBaudelioARUITests.swift */,
				E6D226DD21EE7ADA006F5CA6 /* Info.plist */,
			);
			path = SanBaudelioARUITests;
			sourceTree = "<group>";
		};
		F410C7D5611DBBAA16486BD6 /* Pods */ = {
			isa = PBXGroup;
			children = (
				948CA067D885371453E52442 /* Pods-SanBaudelioAR.debug.xcconfig */,
				9D7C8C7C7B3342F853279417 /* Pods-SanBaudelioAR.release.xcconfig */,
				1567EB855A7E49F170D12012 /* Pods-SanBaudelioARTests.debug.xcconfig */,
				995B63A08F118344E179F3AA /* Pods-SanBaudelioARTests.release.xcconfig */,
				93940EC773759A623EB15C2A /* Pods-SanBaudelioARUITests.debug.xcconfig */,
				17F503A5F0CCE67692E6EE5A /* Pods-SanBaudelioARUITests.release.xcconfig */,
			);
			name = Pods;
			path = Pods;
			sourceTree = "<group>";
		};
/* End PBXGroup section */

/* Begin PBXNativeTarget section */
		E6D226B521EE7AD8006F5CA6 /* SanBaudelioAR */ = {
			isa = PBXNativeTarget;
			buildConfigurationList = E6D226E021EE7ADA006F5CA6 /* Build configuration list for PBXNativeTarget "SanBaudelioAR" */;
			buildPhases = (
				64C33CDC3F61E08B0E5D2828 /* [CP] Check Pods Manifest.lock */,
				E6D226B221EE7AD8006F5CA6 /* Sources */,
				E6D226B321EE7AD8006F5CA6 /* Frameworks */,
				E6D226B421EE7AD8006F5CA6 /* Resources */,
				D0A528A1F18CBE39A0ADF912 /* [CP] Embed Pods Frameworks */,
			);
			buildRules = (
			);
			dependencies = (
			);
			name = SanBaudelioAR;
			productName = SanBaudelioAR;
			productReference = E6D226B621EE7AD8006F5CA6 /* SanBaudelioAR.app */;
			productType = "com.apple.product-type.application";
		};
		E6D226CB21EE7ADA006F5CA6 /* SanBaudelioARTests */ = {
			isa = PBXNativeTarget;
			buildConfigurationList = E6D226E321EE7ADA006F5CA6 /* Build configuration list for PBXNativeTarget "SanBaudelioARTests" */;
			buildPhases = (
				324753D6DE091356FB65C0F4 /* [CP] Check Pods Manifest.lock */,
				E6D226C821EE7ADA006F5CA6 /* Sources */,
				E6D226C921EE7ADA006F5CA6 /* Frameworks */,
				E6D226CA21EE7ADA006F5CA6 /* Resources */,
			);
			buildRules = (
			);
			dependencies = (
				E6D226CE21EE7ADA006F5CA6 /* PBXTargetDependency */,
			);
			name = SanBaudelioARTests;
			productName = SanBaudelioARTests;
			productReference = E6D226CC21EE7ADA006F5CA6 /* SanBaudelioARTests.xctest */;
			productType = "com.apple.product-type.bundle.unit-test";
		};
		E6D226D621EE7ADA006F5CA6 /* SanBaudelioARUITests */ = {
			isa = PBXNativeTarget;
			buildConfigurationList = E6D226E621EE7ADA006F5CA6 /* Build configuration list for PBXNativeTarget "SanBaudelioARUITests" */;
			buildPhases = (
				4243D26A91E413E33DA37B1C /* [CP] Check Pods Manifest.lock */,
				E6D226D321EE7ADA006F5CA6 /* Sources */,
				E6D226D421EE7ADA006F5CA6 /* Frameworks */,
				E6D226D521EE7ADA006F5CA6 /* Resources */,
			);
			buildRules = (
			);
			dependencies = (
				E6D226D921EE7ADA006F5CA6 /* PBXTargetDependency */,
			);
			name = SanBaudelioARUITests;
			productName = SanBaudelioARUITests;
			productReference = E6D226D721EE7ADA006F5CA6 /* SanBaudelioARUITests.xctest */;
			productType = "com.apple.product-type.bundle.ui-testing";
		};
/* End PBXNativeTarget section */

/* Begin PBXProject section */
		E6D226AE21EE7AD8006F5CA6 /* Project object */ = {
			isa = PBXProject;
			attributes = {
				LastSwiftUpdateCheck = 1010;
				LastUpgradeCheck = 1010;
				ORGANIZATIONNAME = "SOE Studio";
				TargetAttributes = {
					E6D226B521EE7AD8006F5CA6 = {
						CreatedOnToolsVersion = 10.1;
					};
					E6D226CB21EE7ADA006F5CA6 = {
						CreatedOnToolsVersion = 10.1;
						TestTargetID = E6D226B521EE7AD8006F5CA6;
					};
					E6D226D621EE7ADA006F5CA6 = {
						CreatedOnToolsVersion = 10.1;
						TestTargetID = E6D226B521EE7AD8006F5CA6;
					};
				};
			};
			buildConfigurationList = E6D226B121EE7AD8006F5CA6 /* Build configuration list for PBXProject "SanBaudelioAR" */;
			compatibilityVersion = "Xcode 9.3";
			developmentRegion = en;
			hasScannedForEncodings = 0;
			knownRegions = (
				en,
				Base,
			);
			mainGroup = E6D226AD21EE7AD8006F5CA6;
			productRefGroup = E6D226B721EE7AD8006F5CA6 /* Products */;
			projectDirPath = "";
			projectRoot = "";
			targets = (
				E6D226B521EE7AD8006F5CA6 /* SanBaudelioAR */,
				E6D226CB21EE7ADA006F5CA6 /* SanBaudelioARTests */,
				E6D226D621EE7ADA006F5CA6 /* SanBaudelioARUITests */,
			);
		};
/* End PBXProject section */

/* Begin PBXResourcesBuildPhase section */
		E6D226B421EE7AD8006F5CA6 /* Resources */ = {
			isa = PBXResourcesBuildPhase;
			buildActionMask = 2147483647;
			files = (
				E6D226BC21EE7AD8006F5CA6 /* art.scnassets in Resources */,
				E6D226EB21EE8504006F5CA6 /* LaunchScreen.storyboard in Resources */,
				E6D226EA21EE7B6B006F5CA6 /* Assets.xcassets in Resources */,
				E6D226C121EE7AD8006F5CA6 /* Main.storyboard in Resources */,
			);
			runOnlyForDeploymentPostprocessing = 0;
		};
		E6D226CA21EE7ADA006F5CA6 /* Resources */ = {
			isa = PBXResourcesBuildPhase;
			buildActionMask = 2147483647;
			files = (
			);
			runOnlyForDeploymentPostprocessing = 0;
		};
		E6D226D521EE7ADA006F5CA6 /* Resources */ = {
			isa = PBXResourcesBuildPhase;
			buildActionMask = 2147483647;
			files = (
			);
			runOnlyForDeploymentPostprocessing = 0;
		};
/* End PBXResourcesBuildPhase section */

/* Begin PBXShellScriptBuildPhase section */
		324753D6DE091356FB65C0F4 /* [CP] Check Pods Manifest.lock */ = {
			isa = PBXShellScriptBuildPhase;
			buildActionMask = 2147483647;
			files = (
			);
			inputFileListPaths = (
			);
			inputPaths = (
				"${PODS_PODFILE_DIR_PATH}/Podfile.lock",
				"${PODS_ROOT}/Manifest.lock",
			);
			name = "[CP] Check Pods Manifest.lock";
			outputFileListPaths = (
			);
			outputPaths = (
				"$(DERIVED_FILE_DIR)/Pods-SanBaudelioARTests-checkManifestLockResult.txt",
			);
			runOnlyForDeploymentPostprocessing = 0;
			shellPath = /bin/sh;
			shellScript = "diff \"${PODS_PODFILE_DIR_PATH}/Podfile.lock\" \"${PODS_ROOT}/Manifest.lock\" > /dev/null\nif [ $? != 0 ] ; then\n    # print error to STDERR\n    echo \"error: The sandbox is not in sync with the Podfile.lock. Run 'pod install' or update your CocoaPods installation.\" >&2\n    exit 1\nfi\n# This output is used by Xcode 'outputs' to avoid re-running this script phase.\necho \"SUCCESS\" > \"${SCRIPT_OUTPUT_FILE_0}\"\n";
			showEnvVarsInLog = 0;
		};
		4243D26A91E413E33DA37B1C /* [CP] Check Pods Manifest.lock */ = {
			isa = PBXShellScriptBuildPhase;
			buildActionMask = 2147483647;
			files = (
			);
			inputFileListPaths = (
			);
			inputPaths = (
				"${PODS_PODFILE_DIR_PATH}/Podfile.lock",
				"${PODS_ROOT}/Manifest.lock",
			);
			name = "[CP] Check Pods Manifest.lock";
			outputFileListPaths = (
			);
			outputPaths = (
				"$(DERIVED_FILE_DIR)/Pods-SanBaudelioARUITests-checkManifestLockResult.txt",
			);
			runOnlyForDeploymentPostprocessing = 0;
			shellPath = /bin/sh;
			shellScript = "diff \"${PODS_PODFILE_DIR_PATH}/Podfile.lock\" \"${PODS_ROOT}/Manifest.lock\" > /dev/null\nif [ $? != 0 ] ; then\n    # print error to STDERR\n    echo \"error: The sandbox is not in sync with the Podfile.lock. Run 'pod install' or update your CocoaPods installation.\" >&2\n    exit 1\nfi\n# This output is used by Xcode 'outputs' to avoid re-running this script phase.\necho \"SUCCESS\" > \"${SCRIPT_OUTPUT_FILE_0}\"\n";
			showEnvVarsInLog = 0;
		};
		64C33CDC3F61E08B0E5D2828 /* [CP] Check Pods Manifest.lock */ = {
			isa = PBXShellScriptBuildPhase;
			buildActionMask = 2147483647;
			files = (
			);
			inputFileListPaths = (
			);
			inputPaths = (
				"${PODS_PODFILE_DIR_PATH}/Podfile.lock",
				"${PODS_ROOT}/Manifest.lock",
			);
			name = "[CP] Check Pods Manifest.lock";
			outputFileListPaths = (
			);
			outputPaths = (
				"$(DERIVED_FILE_DIR)/Pods-SanBaudelioAR-checkManifestLockResult.txt",
			);
			runOnlyForDeploymentPostprocessing = 0;
			shellPath = /bin/sh;
			shellScript = "diff \"${PODS_PODFILE_DIR_PATH}/Podfile.lock\" \"${PODS_ROOT}/Manifest.lock\" > /dev/null\nif [ $? != 0 ] ; then\n    # print error to STDERR\n    echo \"error: The sandbox is not in sync with the Podfile.lock. Run 'pod install' or update your CocoaPods installation.\" >&2\n    exit 1\nfi\n# This output is used by Xcode 'outputs' to avoid re-running this script phase.\necho \"SUCCESS\" > \"${SCRIPT_OUTPUT_FILE_0}\"\n";
			showEnvVarsInLog = 0;
		};
		D0A528A1F18CBE39A0ADF912 /* [CP] Embed Pods Frameworks */ = {
			isa = PBXShellScriptBuildPhase;
			buildActionMask = 2147483647;
			files = (
			);
			inputFileListPaths = (
			);
			inputPaths = (
				"${PODS_ROOT}/Target Support Files/Pods-SanBaudelioAR/Pods-SanBaudelioAR-frameworks.sh",
				"${BUILT_PRODUCTS_DIR}/FLAnimatedImage/FLAnimatedImage.framework",
			);
			name = "[CP] Embed Pods Frameworks";
			outputFileListPaths = (
			);
			outputPaths = (
				"${TARGET_BUILD_DIR}/${FRAMEWORKS_FOLDER_PATH}/FLAnimatedImage.framework",
			);
			runOnlyForDeploymentPostprocessing = 0;
			shellPath = /bin/sh;
			shellScript = "\"${PODS_ROOT}/Target Support Files/Pods-SanBaudelioAR/Pods-SanBaudelioAR-frameworks.sh\"\n";
			showEnvVarsInLog = 0;
		};
/* End PBXShellScriptBuildPhase section */

/* Begin PBXSourcesBuildPhase section */
		E6D226B221EE7AD8006F5CA6 /* Sources */ = {
			isa = PBXSourcesBuildPhase;
			buildActionMask = 2147483647;
			files = (
				E6D226BE21EE7AD8006F5CA6 /* ViewController.swift in Sources */,
				E6D226BA21EE7AD8006F5CA6 /* AppDelegate.swift in Sources */,
			);
			runOnlyForDeploymentPostprocessing = 0;
		};
		E6D226C821EE7ADA006F5CA6 /* Sources */ = {
			isa = PBXSourcesBuildPhase;
			buildActionMask = 2147483647;
			files = (
				E6D226D121EE7ADA006F5CA6 /* SanBaudelioARTests.swift in Sources */,
			);
			runOnlyForDeploymentPostprocessing = 0;
		};
		E6D226D321EE7ADA006F5CA6 /* Sources */ = {
			isa = PBXSourcesBuildPhase;
			buildActionMask = 2147483647;
			files = (
				E6D226DC21EE7ADA006F5CA6 /* SanBaudelioARUITests.swift in Sources */,
			);
			runOnlyForDeploymentPostprocessing = 0;
		};
/* End PBXSourcesBuildPhase section */

/* Begin PBXTargetDependency section */
		E6D226CE21EE7ADA006F5CA6 /* PBXTargetDependency */ = {
			isa = PBXTargetDependency;
			target = E6D226B521EE7AD8006F5CA6 /* SanBaudelioAR */;
			targetProxy = E6D226CD21EE7ADA006F5CA6 /* PBXContainerItemProxy */;
		};
		E6D226D921EE7ADA006F5CA6 /* PBXTargetDependency */ = {
			isa = PBXTargetDependency;
			target = E6D226B521EE7AD8006F5CA6 /* SanBaudelioAR */;
			targetProxy = E6D226D821EE7ADA006F5CA6 /* PBXContainerItemProxy */;
		};
/* End PBXTargetDependency section */

/* Begin PBXVariantGroup section */
		E6D226BF21EE7AD8006F5CA6 /* Main.storyboard */ = {
			isa = PBXVariantGroup;
			children = (
				E6D226C021EE7AD8006F5CA6 /* Base */,
			);
			name = Main.storyboard;
			sourceTree = "<group>";
		};
		E6D226C421EE7ADA006F5CA6 /* LaunchScreen.storyboard */ = {
			isa = PBXVariantGroup;
			children = (
				E6D226C521EE7ADA006F5CA6 /* Base */,
			);
			name = LaunchScreen.storyboard;
			sourceTree = "<group>";
		};
/* End PBXVariantGroup section */

/* Begin XCBuildConfiguration section */
		E6D226DE21EE7ADA006F5CA6 /* Debug */ = {
			isa = XCBuildConfiguration;
			buildSettings = {
				ALWAYS_SEARCH_USER_PATHS = NO;
				CLANG_ANALYZER_NONNULL = YES;
				CLANG_ANALYZER_NUMBER_OBJECT_CONVERSION = YES_AGGRESSIVE;
				CLANG_CXX_LANGUAGE_STANDARD = "gnu++14";
				CLANG_CXX_LIBRARY = "libc++";
				CLANG_ENABLE_MODULES = YES;
				CLANG_ENABLE_OBJC_ARC = YES;
				CLANG_ENABLE_OBJC_WEAK = YES;
				CLANG_WARN_BLOCK_CAPTURE_AUTORELEASING = YES;
				CLANG_WARN_BOOL_CONVERSION = YES;
				CLANG_WARN_COMMA = YES;
				CLANG_WARN_CONSTANT_CONVERSION = YES;
				CLANG_WARN_DEPRECATED_OBJC_IMPLEMENTATIONS = YES;
				CLANG_WARN_DIRECT_OBJC_ISA_USAGE = YES_ERROR;
				CLANG_WARN_DOCUMENTATION_COMMENTS = YES;
				CLANG_WARN_EMPTY_BODY = YES;
				CLANG_WARN_ENUM_CONVERSION = YES;
				CLANG_WARN_INFINITE_RECURSION = YES;
				CLANG_WARN_INT_CONVERSION = YES;
				CLANG_WARN_NON_LITERAL_NULL_CONVERSION = YES;
				CLANG_WARN_OBJC_IMPLICIT_RETAIN_SELF = YES;
				CLANG_WARN_OBJC_LITERAL_CONVERSION = YES;
				CLANG_WARN_OBJC_ROOT_CLASS = YES_ERROR;
				CLANG_WARN_RANGE_LOOP_ANALYSIS = YES;
				CLANG_WARN_STRICT_PROTOTYPES = YES;
				CLANG_WARN_SUSPICIOUS_MOVE = YES;
				CLANG_WARN_UNGUARDED_AVAILABILITY = YES_AGGRESSIVE;
				CLANG_WARN_UNREACHABLE_CODE = YES;
				CLANG_WARN__DUPLICATE_METHOD_MATCH = YES;
				CODE_SIGN_IDENTITY = "iPhone Developer";
				COPY_PHASE_STRIP = NO;
				DEBUG_INFORMATION_FORMAT = dwarf;
				ENABLE_STRICT_OBJC_MSGSEND = YES;
				ENABLE_TESTABILITY = YES;
				GCC_C_LANGUAGE_STANDARD = gnu11;
				GCC_DYNAMIC_NO_PIC = NO;
				GCC_NO_COMMON_BLOCKS = YES;
				GCC_OPTIMIZATION_LEVEL = 0;
				GCC_PREPROCESSOR_DEFINITIONS = (
					"DEBUG=1",
					"$(inherited)",
				);
				GCC_WARN_64_TO_32_BIT_CONVERSION = YES;
				GCC_WARN_ABOUT_RETURN_TYPE = YES_ERROR;
				GCC_WARN_UNDECLARED_SELECTOR = YES;
				GCC_WARN_UNINITIALIZED_AUTOS = YES_AGGRESSIVE;
				GCC_WARN_UNUSED_FUNCTION = YES;
				GCC_WARN_UNUSED_VARIABLE = YES;
				IPHONEOS_DEPLOYMENT_TARGET = 12.1;
				MTL_ENABLE_DEBUG_INFO = INCLUDE_SOURCE;
				MTL_FAST_MATH = YES;
				ONLY_ACTIVE_ARCH = YES;
				SDKROOT = iphoneos;
				SWIFT_ACTIVE_COMPILATION_CONDITIONS = DEBUG;
				SWIFT_OPTIMIZATION_LEVEL = "-Onone";
			};
			name = Debug;
		};
		E6D226DF21EE7ADA006F5CA6 /* Release */ = {
			isa = XCBuildConfiguration;
			buildSettings = {
				ALWAYS_SEARCH_USER_PATHS = NO;
				CLANG_ANALYZER_NONNULL = YES;
				CLANG_ANALYZER_NUMBER_OBJECT_CONVERSION = YES_AGGRESSIVE;
				CLANG_CXX_LANGUAGE_STANDARD = "gnu++14";
				CLANG_CXX_LIBRARY = "libc++";
				CLANG_ENABLE_MODULES = YES;
				CLANG_ENABLE_OBJC_ARC = YES;
				CLANG_ENABLE_OBJC_WEAK = YES;
				CLANG_WARN_BLOCK_CAPTURE_AUTORELEASING = YES;
				CLANG_WARN_BOOL_CONVERSION = YES;
				CLANG_WARN_COMMA = YES;
				CLANG_WARN_CONSTANT_CONVERSION = YES;
				CLANG_WARN_DEPRECATED_OBJC_IMPLEMENTATIONS = YES;
				CLANG_WARN_DIRECT_OBJC_ISA_USAGE = YES_ERROR;
				CLANG_WARN_DOCUMENTATION_COMMENTS = YES;
				CLANG_WARN_EMPTY_BODY = YES;
				CLANG_WARN_ENUM_CONVERSION = YES;
				CLANG_WARN_INFINITE_RECURSION = YES;
				CLANG_WARN_INT_CONVERSION = YES;
				CLANG_WARN_NON_LITERAL_NULL_CONVERSION = YES;
				CLANG_WARN_OBJC_IMPLICIT_RETAIN_SELF = YES;
				CLANG_WARN_OBJC_LITERAL_CONVERSION = YES;
				CLANG_WARN_OBJC_ROOT_CLASS = YES_ERROR;
				CLANG_WARN_RANGE_LOOP_ANALYSIS = YES;
				CLANG_WARN_STRICT_PROTOTYPES = YES;
				CLANG_WARN_SUSPICIOUS_MOVE = YES;
				CLANG_WARN_UNGUARDED_AVAILABILITY = YES_AGGRESSIVE;
				CLANG_WARN_UNREACHABLE_CODE = YES;
				CLANG_WARN__DUPLICATE_METHOD_MATCH = YES;
				CODE_SIGN_IDENTITY = "iPhone Developer";
				COPY_PHASE_STRIP = NO;
				DEBUG_INFORMATION_FORMAT = "dwarf-with-dsym";
				ENABLE_NS_ASSERTIONS = NO;
				ENABLE_STRICT_OBJC_MSGSEND = YES;
				GCC_C_LANGUAGE_STANDARD = gnu11;
				GCC_NO_COMMON_BLOCKS = YES;
				GCC_WARN_64_TO_32_BIT_CONVERSION = YES;
				GCC_WARN_ABOUT_RETURN_TYPE = YES_ERROR;
				GCC_WARN_UNDECLARED_SELECTOR = YES;
				GCC_WARN_UNINITIALIZED_AUTOS = YES_AGGRESSIVE;
				GCC_WARN_UNUSED_FUNCTION = YES;
				GCC_WARN_UNUSED_VARIABLE = YES;
				IPHONEOS_DEPLOYMENT_TARGET = 12.1;
				MTL_ENABLE_DEBUG_INFO = NO;
				MTL_FAST_MATH = YES;
				SDKROOT = iphoneos;
				SWIFT_COMPILATION_MODE = wholemodule;
				SWIFT_OPTIMIZATION_LEVEL = "-O";
				VALIDATE_PRODUCT = YES;
			};
			name = Release;
		};
		E6D226E121EE7ADA006F5CA6 /* Debug */ = {
			isa = XCBuildConfiguration;
			baseConfigurationReference = 948CA067D885371453E52442 /* Pods-SanBaudelioAR.debug.xcconfig */;
			buildSettings = {
				ASSETCATALOG_COMPILER_APPICON_NAME = AppIcon;
				CODE_SIGN_STYLE = Automatic;
				DEVELOPMENT_TEAM = TYTTA7WD7Y;
				INFOPLIST_FILE = SanBaudelioAR/Info.plist;
				LD_RUNPATH_SEARCH_PATHS = (
					"$(inherited)",
					"@executable_path/Frameworks",
				);
				PRODUCT_BUNDLE_IDENTIFIER = SOE.SanBaudelioAR;
				PRODUCT_NAME = "$(TARGET_NAME)";
				SWIFT_VERSION = 4.2;
				TARGETED_DEVICE_FAMILY = "1,2";
			};
			name = Debug;
		};
		E6D226E221EE7ADA006F5CA6 /* Release */ = {
			isa = XCBuildConfiguration;
			baseConfigurationReference = 9D7C8C7C7B3342F853279417 /* Pods-SanBaudelioAR.release.xcconfig */;
			buildSettings = {
				ASSETCATALOG_COMPILER_APPICON_NAME = AppIcon;
				CODE_SIGN_STYLE = Automatic;
				DEVELOPMENT_TEAM = TYTTA7WD7Y;
				INFOPLIST_FILE = SanBaudelioAR/Info.plist;
				LD_RUNPATH_SEARCH_PATHS = (
					"$(inherited)",
					"@executable_path/Frameworks",
				);
				PRODUCT_BUNDLE_IDENTIFIER = SOE.SanBaudelioAR;
				PRODUCT_NAME = "$(TARGET_NAME)";
				SWIFT_VERSION = 4.2;
				TARGETED_DEVICE_FAMILY = "1,2";
			};
			name = Release;
		};
		E6D226E421EE7ADA006F5CA6 /* Debug */ = {
			isa = XCBuildConfiguration;
			baseConfigurationReference = 1567EB855A7E49F170D12012 /* Pods-SanBaudelioARTests.debug.xcconfig */;
			buildSettings = {
				ALWAYS_EMBED_SWIFT_STANDARD_LIBRARIES = YES;
				BUNDLE_LOADER = "$(TEST_HOST)";
				CODE_SIGN_STYLE = Automatic;
				DEVELOPMENT_TEAM = TYTTA7WD7Y;
				INFOPLIST_FILE = SanBaudelioARTests/Info.plist;
				LD_RUNPATH_SEARCH_PATHS = (
					"$(inherited)",
					"@executable_path/Frameworks",
					"@loader_path/Frameworks",
				);
				PRODUCT_BUNDLE_IDENTIFIER = SOE.SanBaudelioARTests;
				PRODUCT_NAME = "$(TARGET_NAME)";
				SWIFT_VERSION = 4.2;
				TARGETED_DEVICE_FAMILY = "1,2";
				TEST_HOST = "$(BUILT_PRODUCTS_DIR)/SanBaudelioAR.app/SanBaudelioAR";
			};
			name = Debug;
		};
		E6D226E521EE7ADA006F5CA6 /* Release */ = {
			isa = XCBuildConfiguration;
			baseConfigurationReference = 995B63A08F118344E179F3AA /* Pods-SanBaudelioARTests.release.xcconfig */;
			buildSettings = {
				ALWAYS_EMBED_SWIFT_STANDARD_LIBRARIES = YES;
				BUNDLE_LOADER = "$(TEST_HOST)";
				CODE_SIGN_STYLE = Automatic;
				DEVELOPMENT_TEAM = TYTTA7WD7Y;
				INFOPLIST_FILE = SanBaudelioARTests/Info.plist;
				LD_RUNPATH_SEARCH_PATHS = (
					"$(inherited)",
					"@executable_path/Frameworks",
					"@loader_path/Frameworks",
				);
				PRODUCT_BUNDLE_IDENTIFIER = SOE.SanBaudelioARTests;
				PRODUCT_NAME = "$(TARGET_NAME)";
				SWIFT_VERSION = 4.2;
				TARGETED_DEVICE_FAMILY = "1,2";
				TEST_HOST = "$(BUILT_PRODUCTS_DIR)/SanBaudelioAR.app/SanBaudelioAR";
			};
			name = Release;
		};
		E6D226E721EE7ADA006F5CA6 /* Debug */ = {
			isa = XCBuildConfiguration;
			baseConfigurationReference = 93940EC773759A623EB15C2A /* Pods-SanBaudelioARUITests.debug.xcconfig */;
			buildSettings = {
				ALWAYS_EMBED_SWIFT_STANDARD_LIBRARIES = YES;
				CODE_SIGN_STYLE = Automatic;
				DEVELOPMENT_TEAM = TYTTA7WD7Y;
				INFOPLIST_FILE = SanBaudelioARUITests/Info.plist;
				LD_RUNPATH_SEARCH_PATHS = (
					"$(inherited)",
					"@executable_path/Frameworks",
					"@loader_path/Frameworks",
				);
				PRODUCT_BUNDLE_IDENTIFIER = SOE.SanBaudelioARUITests;
				PRODUCT_NAME = "$(TARGET_NAME)";
				SWIFT_VERSION = 4.2;
				TARGETED_DEVICE_FAMILY = "1,2";
				TEST_TARGET_NAME = SanBaudelioAR;
			};
			name = Debug;
		};
		E6D226E821EE7ADA006F5CA6 /* Release */ = {
			isa = XCBuildConfiguration;
			baseConfigurationReference = 17F503A5F0CCE67692E6EE5A /* Pods-SanBaudelioARUITests.release.xcconfig */;
			buildSettings = {
				ALWAYS_EMBED_SWIFT_STANDARD_LIBRARIES = YES;
				CODE_SIGN_STYLE = Automatic;
				DEVELOPMENT_TEAM = TYTTA7WD7Y;
				INFOPLIST_FILE = SanBaudelioARUITests/Info.plist;
				LD_RUNPATH_SEARCH_PATHS = (
					"$(inherited)",
					"@executable_path/Frameworks",
					"@loader_path/Frameworks",
				);
				PRODUCT_BUNDLE_IDENTIFIER = SOE.SanBaudelioARUITests;
				PRODUCT_NAME = "$(TARGET_NAME)";
				SWIFT_VERSION = 4.2;
				TARGETED_DEVICE_FAMILY = "1,2";
				TEST_TARGET_NAME = SanBaudelioAR;
			};
			name = Release;
		};
/* End XCBuildConfiguration section */

/* Begin XCConfigurationList section */
		E6D226B121EE7AD8006F5CA6 /* Build configuration list for PBXProject "SanBaudelioAR" */ = {
			isa = XCConfigurationList;
			buildConfigurations = (
				E6D226DE21EE7ADA006F5CA6 /* Debug */,
				E6D226DF21EE7ADA006F5CA6 /* Release */,
			);
			defaultConfigurationIsVisible = 0;
			defaultConfigurationName = Release;
		};
		E6D226E021EE7ADA006F5CA6 /* Build configuration list for PBXNativeTarget "SanBaudelioAR" */ = {
			isa = XCConfigurationList;
			buildConfigurations = (
				E6D226E121EE7ADA006F5CA6 /* Debug */,
				E6D226E221EE7ADA006F5CA6 /* Release */,
			);
			defaultConfigurationIsVisible = 0;
			defaultConfigurationName = Release;
		};
		E6D226E321EE7ADA006F5CA6 /* Build configuration list for PBXNativeTarget "SanBaudelioARTests" */ = {
			isa = XCConfigurationList;
			buildConfigurations = (
				E6D226E421EE7ADA006F5CA6 /* Debug */,
				E6D226E521EE7ADA006F5CA6 /* Release */,
			);
			defaultConfigurationIsVisible = 0;
			defaultConfigurationName = Release;
		};
		E6D226E621EE7ADA006F5CA6 /* Build configuration list for PBXNativeTarget "SanBaudelioARUITests" */ = {
			isa = XCConfigurationList;
			buildConfigurations = (
				E6D226E721EE7ADA006F5CA6 /* Debug */,
				E6D226E821EE7ADA006F5CA6 /* Release */,
			);
			defaultConfigurationIsVisible = 0;
			defaultConfigurationName = Release;
		};
/* End XCConfigurationList section */
	};
	rootObject = E6D226AE21EE7AD8006F5CA6 /* Project object */;
}
